
Microsoft Visual Studio Solution File, Format Version 12.00
# Visual Studio Version 16
VisualStudioVersion = 16.0.30028.174
MinimumVisualStudioVersion = 10.0.40219.1
Project("{FAE04EC0-301F-11D3-BF4B-00C04F79EFBC}") = "OracleConnection", "OracleConnection\OracleConnection.csproj", "{2128618B-9D0D-4ECD-97DB-6345AC1B1743}"
EndProject
Global
	GlobalSection(SolutionConfigurationPlatforms) = preSolution
		Debug|Any CPU = Debug|Any CPU
		Release|Any CPU = Release|Any CPU
	EndGlobalSection
	GlobalSection(ProjectConfigurationPlatforms) = postSolution
		{2128618B-9D0D-4ECD-97DB-6345AC1B1743}.Debug|Any CPU.ActiveCfg = Debug|Any CPU
		{2128618B-9D0D-4ECD-97DB-6345AC1B1743}.Debug|Any CPU.Build.0 = Debug|Any CPU
		{2128618B-9D0D-4ECD-97DB-6345AC1B1743}.Release|Any CPU.ActiveCfg = Release|Any CPU
		{2128618B-9D0D-4ECD-97DB-6345AC1B1743}.Release|Any CPU.Build.0 = Release|Any CPU
	EndGlobalSection
	GlobalSection(SolutionProperties) = preSolution
		HideSolutionNode = FALSE
	EndGlobalSection
	GlobalSection(ExtensibilityGlobals) = postSolution
		SolutionGuid = {7DE18BA3-EA09-4F82-B32F-FC3FD1BD50B8}
	EndGlobalSection
EndGlobal
